
Microsoft Visual Studio Solution File, Format Version 12.00
# Visual Studio Version 16
VisualStudioVersion = 16.0.30523.141
MinimumVisualStudioVersion = 10.0.40219.1
Project("{FAE04EC0-301F-11D3-BF4B-00C04F79EFBC}") = "LevenshteinBenchmarks", "LevenshteinBenchmarks.csproj", "{C0281F68-936A-44F1-BDCD-920401358A42}"
EndProject
Global
	GlobalSection(SolutionConfigurationPlatforms) = preSolution
		Debug|Any CPU = Debug|Any CPU
		Release|Any CPU = Release|Any CPU
	EndGlobalSection
	GlobalSection(ProjectConfigurationPlatforms) = postSolution
		{C0281F68-936A-44F1-BDCD-920401358A42}.Debug|Any CPU.ActiveCfg = Debug|Any CPU
		{C0281F68-936A-44F1-BDCD-920401358A42}.Debug|Any CPU.Build.0 = Debug|Any CPU
		{C0281F68-936A-44F1-BDCD-920401358A42}.Release|Any CPU.ActiveCfg = Release|Any CPU
		{C0281F68-936A-44F1-BDCD-920401358A42}.Release|Any CPU.Build.0 = Release|Any CPU
	EndGlobalSection
	GlobalSection(SolutionProperties) = preSolution
		HideSolutionNode = FALSE
	EndGlobalSection
	GlobalSection(ExtensibilityGlobals) = postSolution
		SolutionGuid = {E608AE74-B6EA-4A75-9825-7E788DA84D05}
	EndGlobalSection
EndGlobal
